version: 6
environments:
  default:
    channels:
    - url: https://conda.anaconda.org/conda-forge/
    options:
      pypi-prerelease-mode: if-necessary-or-explicit
    packages:
      linux-64:
      - conda: https://conda.anaconda.org/conda-forge/linux-64/_openmp_mutex-4.5-20_gnu.conda
      - conda: https://conda.anaconda.org/conda-forge/linux-64/binutils-2.45.1-default_h4852527_102.conda
      - conda: https://conda.anaconda.org/conda-forge/linux-64/binutils_impl_linux-64-2.45.1-default_hfdba357_102.conda
      - conda: https://conda.anaconda.org/conda-forge/linux-64/binutils_linux-64-2.45.1-default_h4852527_102.conda
      - conda: https://conda.anaconda.org/conda-forge/linux-64/bzip2-1.0.8-hda65f42_9.conda
      - conda: https://conda.anaconda.org/conda-forge/linux-64/c-ares-1.34.6-hb03c661_0.conda
      - conda: https://conda.anaconda.org/conda-forge/linux-64/c-compiler-1.11.0-h4d9bdce_0.conda
      - conda: https://conda.anaconda.org/conda-forge/noarch/ca-certificates-2026.2.25-hbd8a1cb_0.conda
      - conda: https://conda.anaconda.org/conda-forge/linux-64/cmake-4.3.1-hc85cc9f_0.conda
      - conda: https://conda.anaconda.org/conda-forge/linux-64/conda-gcc-specs-14.3.0-he8ccf15_18.conda
      - conda: https://conda.anaconda.org/conda-forge/linux-64/cxx-compiler-1.11.0-hfcd1e18_0.conda
      - conda: https://conda.anaconda.org/conda-forge/linux-64/eigen-5.0.1-hc65338a_0.conda
      - conda: https://conda.anaconda.org/conda-forge/linux-64/gcc-14.3.0-h0dff253_18.conda
      - conda: https://conda.anaconda.org/conda-forge/linux-64/gcc_impl_linux-64-14.3.0-hbdf3cc3_18.conda
      - conda: https://conda.anaconda.org/conda-forge/linux-64/gcc_linux-64-14.3.0-h298d278_23.conda
      - conda: https://conda.anaconda.org/conda-forge/linux-64/gxx-14.3.0-h76987e4_18.conda
      - conda: https://conda.anaconda.org/conda-forge/linux-64/gxx_impl_linux-64-14.3.0-h2185e75_18.conda
      - conda: https://conda.anaconda.org/conda-forge/linux-64/gxx_linux-64-14.3.0-h91b0f8e_23.conda
      - conda: https://conda.anaconda.org/conda-forge/noarch/kernel-headers_linux-64-4.18.0-he073ed8_9.conda
      - conda: https://conda.anaconda.org/conda-forge/linux-64/keyutils-1.6.3-hb9d3cd8_0.conda
      - conda: https://conda.anaconda.org/conda-forge/linux-64/krb5-1.22.2-ha1258a1_0.conda
      - conda: https://conda.anaconda.org/conda-forge/linux-64/ld_impl_linux-64-2.45.1-default_hbd61a6d_102.conda
      - conda: https://conda.anaconda.org/conda-forge/linux-64/libcurl-8.19.0-hcf29cc6_0.conda
      - conda: https://conda.anaconda.org/conda-forge/linux-64/libedit-3.1.20250104-pl5321h7949ede_0.conda
      - conda: https://conda.anaconda.org/conda-forge/linux-64/libev-4.33-hd590300_2.conda
      - conda: https://conda.anaconda.org/conda-forge/linux-64/libexpat-2.7.5-hecca717_0.conda
      - conda: https://conda.anaconda.org/conda-forge/linux-64/libgcc-15.2.0-he0feb66_18.conda
      - conda: https://conda.anaconda.org/conda-forge/noarch/libgcc-devel_linux-64-14.3.0-hf649bbc_118.conda
      - conda: https://conda.anaconda.org/conda-forge/linux-64/libgcc-ng-15.2.0-h69a702a_18.conda
      - conda: https://conda.anaconda.org/conda-forge/linux-64/libgomp-15.2.0-he0feb66_18.conda
      - conda: https://conda.anaconda.org/conda-forge/linux-64/liblzma-5.8.3-hb03c661_0.conda
      - conda: https://conda.anaconda.org/conda-forge/linux-64/libnghttp2-1.68.1-h877daf1_0.conda
      - conda: https://conda.anaconda.org/conda-forge/linux-64/libsanitizer-14.3.0-h8f1669f_18.conda
      - conda: https://conda.anaconda.org/conda-forge/linux-64/libssh2-1.11.1-hcf80075_0.conda
      - conda: https://conda.anaconda.org/conda-forge/linux-64/libstdcxx-15.2.0-h934c35e_18.conda
      - conda: https://conda.anaconda.org/conda-forge/noarch/libstdcxx-devel_linux-64-14.3.0-h9f08a49_118.conda
      - conda: https://conda.anaconda.org/conda-forge/linux-64/libuv-1.51.0-hb03c661_1.conda
      - conda: https://conda.anaconda.org/conda-forge/linux-64/libzlib-1.3.2-h25fd6f3_2.conda
      - conda: https://conda.anaconda.org/conda-forge/linux-64/make-4.4.1-hb9d3cd8_2.conda
      - conda: https://conda.anaconda.org/conda-forge/linux-64/ncurses-6.5-h2d0b736_3.conda
      - conda: https://conda.anaconda.org/conda-forge/linux-64/ninja-1.13.2-h171cf75_0.conda
      - conda: https://conda.anaconda.org/conda-forge/linux-64/openssl-3.6.2-h35e630c_0.conda
      - conda: https://conda.anaconda.org/conda-forge/linux-64/pkg-config-0.29.2-h4bc722e_1009.conda
      - conda: https://conda.anaconda.org/conda-forge/linux-64/rhash-1.4.6-hb9d3cd8_1.conda
      - conda: https://conda.anaconda.org/conda-forge/noarch/sysroot_linux-64-2.28-h4ee821c_9.conda
      - conda: https://conda.anaconda.org/conda-forge/noarch/tzdata-2025c-hc9c84f9_1.conda
      - conda: https://conda.anaconda.org/conda-forge/linux-64/zstd-1.5.7-hb78ec9c_6.conda
packages:
- conda: https://conda.anaconda.org/conda-forge/linux-64/_openmp_mutex-4.5-20_gnu.conda
  build_number: 20
  sha256: 1dd3fffd892081df9726d7eb7e0dea6198962ba775bd88842135a4ddb4deb3c9
  md5: a9f577daf3de00bca7c3c76c0ecbd1de
  depends:
  - __glibc >=2.17,<3.0.a0
  - libgomp >=7.5.0
  constrains:
  - openmp_impl <0.0a0
  license: BSD-3-Clause
  license_family: BSD
  size: 28948
  timestamp: 1770939786096
- conda: https://conda.anaconda.org/conda-forge/linux-64/binutils-2.45.1-default_h4852527_102.conda
  sha256: 3c7c5580c1720206f28b7fa3d60d17986b3f32465e63009c14c9ae1ea64f926c
  md5: 212fe5f1067445544c99dc1c847d032c
  depends:
  - binutils_impl_linux-64 >=2.45.1,<2.45.2.0a0
  license: GPL-3.0-only
  license_family: GPL
  size: 35436
  timestamp: 1774197482571
- conda: https://conda.anaconda.org/conda-forge/linux-64/binutils_impl_linux-64-2.45.1-default_hfdba357_102.conda
  sha256: 0a7d405064f53b9d91d92515f1460f7906ee5e8523f3cd8973430e81219f4917
  md5: 8165352fdce2d2025bf884dc0ee85700
  depends:
  - ld_impl_linux-64 2.45.1 default_hbd61a6d_102
  - sysroot_linux-64
  - zstd >=1.5.7,<1.6.0a0
  license: GPL-3.0-only
  license_family: GPL
  size: 3661455
  timestamp: 1774197460085
- conda: https://conda.anaconda.org/conda-forge/linux-64/binutils_linux-64-2.45.1-default_h4852527_102.conda
  sha256: 78a58d523d072b7f8e591b8f8572822e044b31764ed7e8d170392e7bc6d58339
  md5: 2a307a17309d358c9b42afdd3199ddcc
  depends:
  - binutils_impl_linux-64 2.45.1 default_hfdba357_102
  license: GPL-3.0-only
  license_family: GPL
  size: 36304
  timestamp: 1774197485247
- conda: https://conda.anaconda.org/conda-forge/linux-64/bzip2-1.0.8-hda65f42_9.conda
  sha256: 0b75d45f0bba3e95dc693336fa51f40ea28c980131fec438afb7ce6118ed05f6
  md5: d2ffd7602c02f2b316fd921d39876885
  depends:
  - __glibc >=2.17,<3.0.a0
  - libgcc >=14
  license: bzip2-1.0.6
  license_family: BSD
  size: 260182
  timestamp: 1771350215188
- conda: https://conda.anaconda.org/conda-forge/linux-64/c-ares-1.34.6-hb03c661_0.conda
  sha256: cc9accf72fa028d31c2a038460787751127317dcfa991f8d1f1babf216bb454e
  md5: 920bb03579f15389b9e512095ad995b7
  depends:
  - __glibc >=2.17,<3.0.a0
  - libgcc >=14
  license: MIT
  license_family: MIT
  size: 207882
  timestamp: 1765214722852
- conda: https://conda.anaconda.org/conda-forge/linux-64/c-compiler-1.11.0-h4d9bdce_0.conda
  sha256: 8e7a40f16400d7839c82581410aa05c1f8324a693c9d50079f8c50dc9fb241f0
  md5: abd85120de1187b0d1ec305c2173c71b
  depends:
  - binutils
  - gcc
  - gcc_linux-64 14.*
  license: BSD-3-Clause
  license_family: BSD
  size: 6693
  timestamp: 1753098721814
- conda: https://conda.anaconda.org/conda-forge/noarch/ca-certificates-2026.2.25-hbd8a1cb_0.conda
  sha256: 67cc7101b36421c5913a1687ef1b99f85b5d6868da3abbf6ec1a4181e79782fc
  md5: 4492fd26db29495f0ba23f146cd5638d
  depends:
  - __unix
  license: ISC
  size: 147413
  timestamp: 1772006283803
- conda: https://conda.anaconda.org/conda-forge/linux-64/cmake-4.3.1-hc85cc9f_0.conda
  sha256: 8ff9f2c159c55ea2b920c4ea41f39cd3b9ecf86b218a377f2941cb1c8b534741
  md5: 0f753e779c0fee33c84ed1a110c0cb4a
  depends:
  - __glibc >=2.17,<3.0.a0
  - bzip2 >=1.0.8,<2.0a0
  - libcurl >=8.19.0,<9.0a0
  - libexpat >=2.7.4,<3.0a0
  - libgcc >=14
  - liblzma >=5.8.2,<6.0a0
  - libstdcxx >=14
  - libuv >=1.51.0,<2.0a0
  - libzlib >=1.3.2,<2.0a0
  - ncurses >=6.5,<7.0a0
  - rhash >=1.4.6,<2.0a0
  - zstd >=1.5.7,<1.6.0a0
  license: BSD-3-Clause
  license_family: BSD
  size: 23093161
  timestamp: 1774645184037
- conda: https://conda.anaconda.org/conda-forge/linux-64/conda-gcc-specs-14.3.0-he8ccf15_18.conda
  sha256: b90ec0e6a9eb22f7240b3584fe785457cff961fec68d40e6aece5d596f9bbd9a
  md5: 0e3e144115c43c9150d18fa20db5f31c
  depends:
  - gcc_impl_linux-64 >=14.3.0,<14.3.1.0a0
  license: GPL-3.0-only WITH GCC-exception-3.1
  license_family: GPL
  size: 31705
  timestamp: 1771378159534
- conda: https://conda.anaconda.org/conda-forge/linux-64/cxx-compiler-1.11.0-hfcd1e18_0.conda
  sha256: 3fcc97ae3e89c150401a50a4de58794ffc67b1ed0e1851468fcc376980201e25
  md5: 5da8c935dca9186673987f79cef0b2a5
  depends:
  - c-compiler 1.11.0 h4d9bdce_0
  - gxx
  - gxx_linux-64 14.*
  license: BSD-3-Clause
  license_family: BSD
  size: 6635
  timestamp: 1753098722177
- conda: https://conda.anaconda.org/conda-forge/linux-64/eigen-5.0.1-hc65338a_0.conda
  sha256: f122c5bb618532eb40124f34dc3d467b9142c4a573c206e3e6a51df671345d6a
  md5: fcc98d38ae074ee72ee9152e357bcbf2
  license: MPL-2.0
  license_family: MOZILLA
  size: 1311364
  timestamp: 1773744756289
- conda: https://conda.anaconda.org/conda-forge/linux-64/gcc-14.3.0-h0dff253_18.conda
  sha256: 9b34b57b06b485e33a40d430f71ac88c8f381673592507cf7161c50ff0832772
  md5: 52d6457abc42e320787ada5f9033fa99
  depends:
  - conda-gcc-specs
  - gcc_impl_linux-64 14.3.0 hbdf3cc3_18
  license: BSD-3-Clause
  license_family: BSD
  size: 29506
  timestamp: 1771378321585
- conda: https://conda.anaconda.org/conda-forge/linux-64/gcc_impl_linux-64-14.3.0-hbdf3cc3_18.conda
  sha256: 3b31a273b806c6851e16e9cf63ef87cae28d19be0df148433f3948e7da795592
  md5: 30bb690150536f622873758b0e8d6712
  depends:
  - binutils_impl_linux-64 >=2.45
  - libgcc >=14.3.0
  - libgcc-devel_linux-64 14.3.0 hf649bbc_118
  - libgomp >=14.3.0
  - libsanitizer 14.3.0 h8f1669f_18
  - libstdcxx >=14.3.0
  - libstdcxx-devel_linux-64 14.3.0 h9f08a49_118
  - sysroot_linux-64
  license: GPL-3.0-only WITH GCC-exception-3.1
  license_family: GPL
  size: 76302378
  timestamp: 1771378056505
- conda: https://conda.anaconda.org/conda-forge/linux-64/gcc_linux-64-14.3.0-h298d278_23.conda
  sha256: b535da55f53ed0e44a366295dad325b242958fb3d91ba84b0173bfae28b39793
  md5: b6090b005c6e1947e897c926caac1286
  depends:
  - gcc_impl_linux-64 14.3.0.*
  - binutils_linux-64
  - sysroot_linux-64
  license: BSD-3-Clause
  license_family: BSD
  size: 28912
  timestamp: 1775508892545
- conda: https://conda.anaconda.org/conda-forge/linux-64/gxx-14.3.0-h76987e4_18.conda
  sha256: 1b490c9be9669f9c559db7b2a1f7d8b973c58ca0c6f21a5d2ba3f0ab2da63362
  md5: 19189121d644d4ef75fed05383bc75f5
  depends:
  - gcc 14.3.0 h0dff253_18
  - gxx_impl_linux-64 14.3.0 h2185e75_18
  license: BSD-3-Clause
  license_family: BSD
  size: 28883
  timestamp: 1771378355605
- conda: https://conda.anaconda.org/conda-forge/linux-64/gxx_impl_linux-64-14.3.0-h2185e75_18.conda
  sha256: 38ffca57cc9c264d461ac2ce9464a9d605e0f606d92d831de9075cb0d95fc68a
  md5: 6514b3a10e84b6a849e1b15d3753eb22
  depends:
  - gcc_impl_linux-64 14.3.0 hbdf3cc3_18
  - libstdcxx-devel_linux-64 14.3.0 h9f08a49_118
  - sysroot_linux-64
  - tzdata
  license: GPL-3.0-only WITH GCC-exception-3.1
  license_family: GPL
  size: 14566100
  timestamp: 1771378271421
- conda: https://conda.anaconda.org/conda-forge/linux-64/gxx_linux-64-14.3.0-h91b0f8e_23.conda
  sha256: 8a6a78d354fd259906b2f01f5c29c4f9e42878fa870eadc20f7251d4554a4445
  md5: 12d093c7df954a01b396a748442bd5cb
  depends:
  - gxx_impl_linux-64 14.3.0.*
  - gcc_linux-64 ==14.3.0 h298d278_23
  - binutils_linux-64
  - sysroot_linux-64
  license: BSD-3-Clause
  license_family: BSD
  size: 27479
  timestamp: 1775508892545
- conda: https://conda.anaconda.org/conda-forge/noarch/kernel-headers_linux-64-4.18.0-he073ed8_9.conda
  sha256: 41557eeadf641de6aeae49486cef30d02a6912d8da98585d687894afd65b356a
  md5: 86d9cba083cd041bfbf242a01a7a1999
  constrains:
  - sysroot_linux-64 ==2.28
  license: LGPL-2.0-or-later AND LGPL-2.0-or-later WITH exceptions AND GPL-2.0-or-later
  license_family: GPL
  size: 1278712
  timestamp: 1765578681495
- conda: https://conda.anaconda.org/conda-forge/linux-64/keyutils-1.6.3-hb9d3cd8_0.conda
  sha256: 0960d06048a7185d3542d850986d807c6e37ca2e644342dd0c72feefcf26c2a4
  md5: b38117a3c920364aff79f870c984b4a3
  depends:
  - __glibc >=2.17,<3.0.a0
  - libgcc >=13
  license: LGPL-2.1-or-later
  size: 134088
  timestamp: 1754905959823
- conda: https://conda.anaconda.org/conda-forge/linux-64/krb5-1.22.2-ha1258a1_0.conda
  sha256: 3e307628ca3527448dd1cb14ad7bb9d04d1d28c7d4c5f97ba196ae984571dd25
  md5: fb53fb07ce46a575c5d004bbc96032c2
  depends:
  - __glibc >=2.17,<3.0.a0
  - keyutils >=1.6.3,<2.0a0
  - libedit >=3.1.20250104,<3.2.0a0
  - libedit >=3.1.20250104,<4.0a0
  - libgcc >=14
  - libstdcxx >=14
  - openssl >=3.5.5,<4.0a0
  license: MIT
  license_family: MIT
  size: 1386730
  timestamp: 1769769569681
- conda: https://conda.anaconda.org/conda-forge/linux-64/ld_impl_linux-64-2.45.1-default_hbd61a6d_102.conda
  sha256: 3d584956604909ff5df353767f3a2a2f60e07d070b328d109f30ac40cd62df6c
  md5: 18335a698559cdbcd86150a48bf54ba6
  depends:
  - __glibc >=2.17,<3.0.a0
  - zstd >=1.5.7,<1.6.0a0
  constrains:
  - binutils_impl_linux-64 2.45.1
  license: GPL-3.0-only
  license_family: GPL
  size: 728002
  timestamp: 1774197446916
- conda: https://conda.anaconda.org/conda-forge/linux-64/libcurl-8.19.0-hcf29cc6_0.conda
  sha256: a0390fd0536ebcd2244e243f5f00ab8e76ab62ed9aa214cd54470fe7496620f4
  md5: d50608c443a30c341c24277d28290f76
  depends:
  - __glibc >=2.17,<3.0.a0
  - krb5 >=1.22.2,<1.23.0a0
  - libgcc >=14
  - libnghttp2 >=1.67.0,<2.0a0
  - libssh2 >=1.11.1,<2.0a0
  - libzlib >=1.3.1,<2.0a0
  - openssl >=3.5.5,<4.0a0
  - zstd >=1.5.7,<1.6.0a0
  license: curl
  license_family: MIT
  size: 466704
  timestamp: 1773218522665
- conda: https://conda.anaconda.org/conda-forge/linux-64/libedit-3.1.20250104-pl5321h7949ede_0.conda
  sha256: d789471216e7aba3c184cd054ed61ce3f6dac6f87a50ec69291b9297f8c18724
  md5: c277e0a4d549b03ac1e9d6cbbe3d017b
  depends:
  - ncurses
  - __glibc >=2.17,<3.0.a0
  - libgcc >=13
  - ncurses >=6.5,<7.0a0
  license: BSD-2-Clause
  license_family: BSD
  size: 134676
  timestamp: 1738479519902
- conda: https://conda.anaconda.org/conda-forge/linux-64/libev-4.33-hd590300_2.conda
  sha256: 1cd6048169fa0395af74ed5d8f1716e22c19a81a8a36f934c110ca3ad4dd27b4
  md5: 172bf1cd1ff8629f2b1179945ed45055
  depends:
  - libgcc-ng >=12
  license: BSD-2-Clause
  license_family: BSD
  size: 112766
  timestamp: 1702146165126
- conda: https://conda.anaconda.org/conda-forge/linux-64/libexpat-2.7.5-hecca717_0.conda
  sha256: e8c2b57f6aacabdf2f1b0924bd4831ce5071ba080baa4a9e8c0d720588b6794c
  md5: 49f570f3bc4c874a06ea69b7225753af
  depends:
  - __glibc >=2.17,<3.0.a0
  - libgcc >=14
  constrains:
  - expat 2.7.5.*
  license: MIT
  license_family: MIT
  size: 76624
  timestamp: 1774719175983
- conda: https://conda.anaconda.org/conda-forge/linux-64/libgcc-15.2.0-he0feb66_18.conda
  sha256: faf7d2017b4d718951e3a59d081eb09759152f93038479b768e3d612688f83f5
  md5: 0aa00f03f9e39fb9876085dee11a85d4
  depends:
  - __glibc >=2.17,<3.0.a0
  - _openmp_mutex >=4.5
  constrains:
  - libgcc-ng ==15.2.0=*_18
  - libgomp 15.2.0 he0feb66_18
  license: GPL-3.0-only WITH GCC-exception-3.1
  license_family: GPL
  size: 1041788
  timestamp: 1771378212382
- conda: https://conda.anaconda.org/conda-forge/noarch/libgcc-devel_linux-64-14.3.0-hf649bbc_118.conda
  sha256: 1abc6a81ee66e8ac9ac09a26e2d6ad7bba23f0a0cc3a6118654f036f9c0e1854
  md5: 06901733131833f5edd68cf3d9679798
  depends:
  - __unix
  license: GPL-3.0-only WITH GCC-exception-3.1
  license_family: GPL
  size: 3084533
  timestamp: 1771377786730
- conda: https://conda.anaconda.org/conda-forge/linux-64/libgcc-ng-15.2.0-h69a702a_18.conda
  sha256: e318a711400f536c81123e753d4c797a821021fb38970cebfb3f454126016893
  md5: d5e96b1ed75ca01906b3d2469b4ce493
  depends:
  - libgcc 15.2.0 he0feb66_18
  license: GPL-3.0-only WITH GCC-exception-3.1
  license_family: GPL
  size: 27526
  timestamp: 1771378224552
- conda: https://conda.anaconda.org/conda-forge/linux-64/libgomp-15.2.0-he0feb66_18.conda
  sha256: 21337ab58e5e0649d869ab168d4e609b033509de22521de1bfed0c031bfc5110
  md5: 239c5e9546c38a1e884d69effcf4c882
  depends:
  - __glibc >=2.17,<3.0.a0
  license: GPL-3.0-only WITH GCC-exception-3.1
  license_family: GPL
  size: 603262
  timestamp: 1771378117851
- conda: https://conda.anaconda.org/conda-forge/linux-64/liblzma-5.8.3-hb03c661_0.conda
  sha256: ec30e52a3c1bf7d0425380a189d209a52baa03f22fb66dd3eb587acaa765bd6d
  md5: b88d90cad08e6bc8ad540cb310a761fb
  depends:
  - __glibc >=2.17,<3.0.a0
  - libgcc >=14
  constrains:
  - xz 5.8.3.*
  license: 0BSD
  size: 113478
  timestamp: 1775825492909
- conda: https://conda.anaconda.org/conda-forge/linux-64/libnghttp2-1.68.1-h877daf1_0.conda
  sha256: 663444d77a42f2265f54fb8b48c5450bfff4388d9c0f8253dd7855f0d993153f
  md5: 2a45e7f8af083626f009645a6481f12d
  depends:
  - __glibc >=2.17,<3.0.a0
  - c-ares >=1.34.6,<2.0a0
  - libev >=4.33,<4.34.0a0
  - libev >=4.33,<5.0a0
  - libgcc >=14
  - libstdcxx >=14
  - libzlib >=1.3.1,<2.0a0
  - openssl >=3.5.5,<4.0a0
  license: MIT
  license_family: MIT
  size: 663344
  timestamp: 1773854035739
- conda: https://conda.anaconda.org/conda-forge/linux-64/libsanitizer-14.3.0-h8f1669f_18.conda
  sha256: e03ed186eefb46d7800224ad34bad1268c9d19ecb8f621380a50601c6221a4a7
  md5: ad3a0e2dc4cce549b2860e2ef0e6d75b
  depends:
  - __glibc >=2.17,<3.0.a0
  - libgcc >=14.3.0
  - libstdcxx >=14.3.0
  license: GPL-3.0-only WITH GCC-exception-3.1
  license_family: GPL
  size: 7949259
  timestamp: 1771377982207
- conda: https://conda.anaconda.org/conda-forge/linux-64/libssh2-1.11.1-hcf80075_0.conda
  sha256: fa39bfd69228a13e553bd24601332b7cfeb30ca11a3ca50bb028108fe90a7661
  md5: eecce068c7e4eddeb169591baac20ac4
  depends:
  - __glibc >=2.17,<3.0.a0
  - libgcc >=13
  - libzlib >=1.3.1,<2.0a0
  - openssl >=3.5.0,<4.0a0
  license: BSD-3-Clause
  license_family: BSD
  size: 304790
  timestamp: 1745608545575
- conda: https://conda.anaconda.org/conda-forge/linux-64/libstdcxx-15.2.0-h934c35e_18.conda
  sha256: 78668020064fdaa27e9ab65cd2997e2c837b564ab26ce3bf0e58a2ce1a525c6e
  md5: 1b08cd684f34175e4514474793d44bcb
  depends:
  - __glibc >=2.17,<3.0.a0
  - libgcc 15.2.0 he0feb66_18
  constrains:
  - libstdcxx-ng ==15.2.0=*_18
  license: GPL-3.0-only WITH GCC-exception-3.1
  license_family: GPL
  size: 5852330
  timestamp: 1771378262446
- conda: https://conda.anaconda.org/conda-forge/noarch/libstdcxx-devel_linux-64-14.3.0-h9f08a49_118.conda
  sha256: b1c3824769b92a1486bf3e2cc5f13304d83ae613ea061b7bc47bb6080d6dfdba
  md5: 865a399bce236119301ebd1532fced8d
  depends:
  - __unix
  license: GPL-3.0-only WITH GCC-exception-3.1
  license_family: GPL
  size: 20171098
  timestamp: 1771377827750
- conda: https://conda.anaconda.org/conda-forge/linux-64/libuv-1.51.0-hb03c661_1.conda
  sha256: c180f4124a889ac343fc59d15558e93667d894a966ec6fdb61da1604481be26b
  md5: 0f03292cc56bf91a077a134ea8747118
  depends:
  - __glibc >=2.17,<3.0.a0
  - libgcc >=14
  license: MIT
  license_family: MIT
  size: 895108
  timestamp: 1753948278280
- conda: https://conda.anaconda.org/conda-forge/linux-64/libzlib-1.3.2-h25fd6f3_2.conda
  sha256: 55044c403570f0dc26e6364de4dc5368e5f3fc7ff103e867c487e2b5ab2bcda9
  md5: d87ff7921124eccd67248aa483c23fec
  depends:
  - __glibc >=2.17,<3.0.a0
  constrains:
  - zlib 1.3.2 *_2
  license: Zlib
  license_family: Other
  size: 63629
  timestamp: 1774072609062
- conda: https://conda.anaconda.org/conda-forge/linux-64/make-4.4.1-hb9d3cd8_2.conda
  sha256: d652c7bd4d3b6f82b0f6d063b0d8df6f54cc47531092d7ff008e780f3261bdda
  md5: 33405d2a66b1411db9f7242c8b97c9e7
  depends:
  - __glibc >=2.17,<3.0.a0
  - libgcc >=13
  license: GPL-3.0-or-later
  license_family: GPL
  size: 513088
  timestamp: 1727801714848
- conda: https://conda.anaconda.org/conda-forge/linux-64/ncurses-6.5-h2d0b736_3.conda
  sha256: 3fde293232fa3fca98635e1167de6b7c7fda83caf24b9d6c91ec9eefb4f4d586
  md5: 47e340acb35de30501a76c7c799c41d7
  depends:
  - __glibc >=2.17,<3.0.a0
  - libgcc >=13
  license: X11 AND BSD-3-Clause
  size: 891641
  timestamp: 1738195959188
- conda: https://conda.anaconda.org/conda-forge/linux-64/ninja-1.13.2-h171cf75_0.conda
  sha256: 6f7d59dbec0a7b00bf5d103a4306e8886678b796ff2151b62452d4582b2a53fb
  md5: b518e9e92493721281a60fa975bddc65
  depends:
  - libstdcxx >=14
  - libgcc >=14
  - __glibc >=2.17,<3.0.a0
  license: Apache-2.0
  license_family: APACHE
  size: 186323
  timestamp: 1763688260928
- conda: https://conda.anaconda.org/conda-forge/linux-64/openssl-3.6.2-h35e630c_0.conda
  sha256: c0ef482280e38c71a08ad6d71448194b719630345b0c9c60744a2010e8a8e0cb
  md5: da1b85b6a87e141f5140bb9924cecab0
  depends:
  - __glibc >=2.17,<3.0.a0
  - ca-certificates
  - libgcc >=14
  license: Apache-2.0
  license_family: Apache
  size: 3167099
  timestamp: 1775587756857
- conda: https://conda.anaconda.org/conda-forge/linux-64/pkg-config-0.29.2-h4bc722e_1009.conda
  sha256: c9601efb1af5391317e04eca77c6fe4d716bf1ca1ad8da2a05d15cb7c28d7d4e
  md5: 1bee70681f504ea424fb07cdb090c001
  depends:
  - __glibc >=2.17,<3.0.a0
  - libgcc-ng >=12
  license: GPL-2.0-or-later
  license_family: GPL
  size: 115175
  timestamp: 1720805894943
- conda: https://conda.anaconda.org/conda-forge/linux-64/rhash-1.4.6-hb9d3cd8_1.conda
  sha256: d5c73079c1dd2c2a313c3bfd81c73dbd066b7eb08d213778c8bff520091ae894
  md5: c1c9b02933fdb2cfb791d936c20e887e
  depends:
  - __glibc >=2.17,<3.0.a0
  - libgcc >=13
  license: MIT
  license_family: MIT
  size: 193775
  timestamp: 1748644872902
- conda: https://conda.anaconda.org/conda-forge/noarch/sysroot_linux-64-2.28-h4ee821c_9.conda
  sha256: c47299fe37aebb0fcf674b3be588e67e4afb86225be4b0d452c7eb75c086b851
  md5: 13dc3adbc692664cd3beabd216434749
  depends:
  - __glibc >=2.28
  - kernel-headers_linux-64 4.18.0 he073ed8_9
  - tzdata
  license: LGPL-2.0-or-later AND LGPL-2.0-or-later WITH exceptions AND GPL-2.0-or-later
  license_family: GPL
  size: 24008591
  timestamp: 1765578833462
- conda: https://conda.anaconda.org/conda-forge/noarch/tzdata-2025c-hc9c84f9_1.conda
  sha256: 1d30098909076af33a35017eed6f2953af1c769e273a0626a04722ac4acaba3c
  md5: ad659d0a2b3e47e38d829aa8cad2d610
  license: LicenseRef-Public-Domain
  size: 119135
  timestamp: 1767016325805
- conda: https://conda.anaconda.org/conda-forge/linux-64/zstd-1.5.7-hb78ec9c_6.conda
  sha256: 68f0206ca6e98fea941e5717cec780ed2873ffabc0e1ed34428c061e2c6268c7
  md5: 4a13eeac0b5c8e5b8ab496e6c4ddd829
  depends:
  - __glibc >=2.17,<3.0.a0
  - libzlib >=1.3.1,<2.0a0
  license: BSD-3-Clause
  license_family: BSD
  size: 601375
  timestamp: 1764777111296
